
Microsoft Visual Studio Solution File, Format Version 12.00
# Visual Studio Version 17
VisualStudioVersion = 17.6.33815.320
MinimumVisualStudioVersion = 10.0.40219.1
Project("{FAE04EC0-301F-11D3-BF4B-00C04F79EFBC}") = "MVC_Project", "MVC_Project.csproj", "{183CB24E-8107-402E-A7BD-33E90D6EDC31}"
EndProject
Global
	GlobalSection(SolutionConfigurationPlatforms) = preSolution
		Debug|Any CPU = Debug|Any CPU
		Release|Any CPU = Release|Any CPU
	EndGlobalSection
	GlobalSection(ProjectConfigurationPlatforms) = postSolution
		{183CB24E-8107-402E-A7BD-33E90D6EDC31}.Debug|Any CPU.ActiveCfg = Debug|Any CPU
		{183CB24E-8107-402E-A7BD-33E90D6EDC31}.Debug|Any CPU.Build.0 = Debug|Any CPU
		{183CB24E-8107-402E-A7BD-33E90D6EDC31}.Release|Any CPU.ActiveCfg = Release|Any CPU
		{183CB24E-8107-402E-A7BD-33E90D6EDC31}.Release|Any CPU.Build.0 = Release|Any CPU
	EndGlobalSection
	GlobalSection(SolutionProperties) = preSolution
		HideSolutionNode = FALSE
	EndGlobalSection
	GlobalSection(ExtensibilityGlobals) = postSolution
		SolutionGuid = {CA9600E7-2031-4550-B15A-E01E79D58920}
	EndGlobalSection
EndGlobal
